Microsoft Visual Studio Solution File, Format Version 12.00
# Visual Studio Version 17
VisualStudioVersion = 17.0.31903.59
MinimumVisualStudioVersion = 10.0.40219.1
Project("{FAE04EC0-301F-11D3-BF4B-00C04F79EFBC}") = "LinqPractice", "LinqPractice.csproj", "{D6F7E6E7-0F20-4C97-8A1E-0E0A8E53E7F1}"
EndProject
Project("{FAE04EC0-301F-11D3-BF4B-00C04F79EFBC}") = "LinqPractice.Tests", "LinqPractice.Tests\LinqPractice.Tests.csproj", "{A1F3F6B2-7B33-4A5B-9C0F-6A57DCE2A101}"
EndProject
Global
	GlobalSection(SolutionConfigurationPlatforms) = preSolution
		Debug|Any CPU = Debug|Any CPU
		Release|Any CPU = Release|Any CPU
	EndGlobalSection
	GlobalSection(ProjectConfigurationPlatforms) = postSolution
		{D6F7E6E7-0F20-4C97-8A1E-0E0A8E53E7F1}.Debug|Any CPU.ActiveCfg = Debug|Any CPU
		{D6F7E6E7-0F20-4C97-8A1E-0E0A8E53E7F1}.Debug|Any CPU.Build.0 = Debug|Any CPU
		{D6F7E6E7-0F20-4C97-8A1E-0E0A8E53E7F1}.Release|Any CPU.ActiveCfg = Release|Any CPU
		{D6F7E6E7-0F20-4C97-8A1E-0E0A8E53E7F1}.Release|Any CPU.Build.0 = Release|Any CPU
		{A1F3F6B2-7B33-4A5B-9C0F-6A57DCE2A101}.Debug|Any CPU.ActiveCfg = Debug|Any CPU
		{A1F3F6B2-7B33-4A5B-9C0F-6A57DCE2A101}.Debug|Any CPU.Build.0 = Debug|Any CPU
		{A1F3F6B2-7B33-4A5B-9C0F-6A57DCE2A101}.Release|Any CPU.ActiveCfg = Release|Any CPU
		{A1F3F6B2-7B33-4A5B-9C0F-6A57DCE2A101}.Release|Any CPU.Build.0 = Release|Any CPU
	EndGlobalSection
EndGlobal
